
Microsoft Visual Studio Solution File, Format Version 12.00
# Visual Studio 15
VisualStudioVersion = 15.0.28307.271
MinimumVisualStudioVersion = 10.0.40219.1
Project("{FAE04EC0-301F-11D3-BF4B-00C04F79EFBC}") = "PTPTestPortal", "PTPTestPortal\PTPTestPortal.csproj", "{C56EDB4B-9D0F-4053-9933-A6006B78BA29}"
EndProject
Global
	GlobalSection(SolutionConfigurationPlatforms) = preSolution
		Debug|Any CPU = Debug|Any CPU
		Release|Any CPU = Release|Any CPU
	EndGlobalSection
	GlobalSection(ProjectConfigurationPlatforms) = postSolution
		{C56EDB4B-9D0F-4053-9933-A6006B78BA29}.Debug|Any CPU.ActiveCfg = Debug|Any CPU
		{C56EDB4B-9D0F-4053-9933-A6006B78BA29}.Debug|Any CPU.Build.0 = Debug|Any CPU
		{C56EDB4B-9D0F-4053-9933-A6006B78BA29}.Release|Any CPU.ActiveCfg = Release|Any CPU
		{C56EDB4B-9D0F-4053-9933-A6006B78BA29}.Release|Any CPU.Build.0 = Release|Any CPU
	EndGlobalSection
	GlobalSection(SolutionProperties) = preSolution
		HideSolutionNode = FALSE
	EndGlobalSection
	GlobalSection(ExtensibilityGlobals) = postSolution
		SolutionGuid = {6E4BC299-0865-48CF-B01D-CDC5EE3C3472}
	EndGlobalSection
EndGlobal
